{
  "object": {
    "pins": [
      {
        "package": "RxSwift",
        "repositoryURL": "https://github.com/qazyn951230/RxSwift.git",
        "state": {
          "branch": null,
          "revision": "35f3bb6983f42921dce306d002ddb12dfb1fb7b2",
          "version": null
        }
      }
    ]
  },
  "version": 1
}
