// !$*UTF8*$!
{
	archiveVersion = 1;
	classes = {
	};
	objectVersion = 48;
	objects = {

/* Begin PBXBuildFile section */
		AC96A006869E723A64110C5B /* Decodable.swift in Sources */ = {isa = PBXBuildFile; fileRef = AC96AB0722680DBC90E94458 /* Decodable.swift */; };
		AC96A010F185A399FA3A0241 /* NotificationPermission.swift in Sources */ = {isa = PBXBuildFile; fileRef = AC96A5B9CF7DA87FE9005EA3 /* NotificationPermission.swift */; };
		AC96A02355DFF1D8761B28D2 /* ManualLayout.swift in Sources */ = {isa = PBXBuildFile; fileRef = AC96A9DBE440F563BF37EAC6 /* ManualLayout.swift */; };
		AC96A06E7C30FE53825B445F /* AttributedString.swift in Sources */ = {isa = PBXBuildFile; fileRef = AC96AA2D9D6E6B73BEDBBC5C /* AttributedString.swift */; };
		AC96A0846D10B136A2E8550C /* Size.swift in Sources */ = {isa = PBXBuildFile; fileRef = AC96A2B0420610F0F4CBC52C /* Size.swift */; };
		AC96A0BF3535D4019F85C9DB /* FlexCollectionReusableView.swift in Sources */ = {isa = PBXBuildFile; fileRef = AC96AA2B750B4444C8DC0BE0 /* FlexCollectionReusableView.swift */; };
		AC96A0FC23AC0E924A53FA61 /* ManualLayoutTests.swift in Sources */ = {isa = PBXBuildFile; fileRef = AC96A6D19F42865264963109 /* ManualLayoutTests.swift */; };
		AC96A10782B5489C55A4A4AA /* Global.swift in Sources */ = {isa = PBXBuildFile; fileRef = AC96A70069177338DE20CAF5 /* Global.swift */; };
		AC96A13FD8709CB560D49271 /* JustifyContentTests.swift in Sources */ = {isa = PBXBuildFile; fileRef = AC96A5473FBE3CC634576A01 /* JustifyContentTests.swift */; };
		AC96A14A2AF7881ADFA618B0 /* FlexView.swift in Sources */ = {isa = PBXBuildFile; fileRef = AC96A6E779AE053A7FEB5866 /* FlexView.swift */; };
		AC96A15D231CE2A7DD54C9D6 /* BaselineFuncTests.swift in Sources */ = {isa = PBXBuildFile; fileRef = AC96A8164BD53E0A64E9F6F5 /* BaselineFuncTests.swift */; };
		AC96A1C25EC4132344D107E8 /* FlexLayout.swift in Sources */ = {isa = PBXBuildFile; fileRef = AC96AAEE7C3982A9F0E838C3 /* FlexLayout.swift */; };
		AC96A1E5940F3AD9DE91D218 /* AlignContentTests.swift in Sources */ = {isa = PBXBuildFile; fileRef = AC96A1AE69D5878CBB94E011 /* AlignContentTests.swift */; };
		AC96A22D2B9C0D6382E62C54 /* SizeOverflowTests.swift in Sources */ = {isa = PBXBuildFile; fileRef = AC96A80AF565B4E890BC2AF9 /* SizeOverflowTests.swift */; };
		AC96A24B7B7B740BA053A722 /* Router.swift in Sources */ = {isa = PBXBuildFile; fileRef = AC96AE5D3A3D6C6A6C031B63 /* Router.swift */; };
		AC96A2613771E4272D5C20C8 /* BorderTests.swift in Sources */ = {isa = PBXBuildFile; fileRef = AC96AB5A5E4425B7A412BD1A /* BorderTests.swift */; };
		AC96A270DCF9EC380399133A /* BannerView.swift in Sources */ = {isa = PBXBuildFile; fileRef = AC96A3F4F49E8D473EAA9DEF /* BannerView.swift */; };
		AC96A2A6CC238CD41180A91E /* TableViewCell.swift in Sources */ = {isa = PBXBuildFile; fileRef = AC96AC856B0EBD3CCD6A03B6 /* TableViewCell.swift */; };
		AC96A2F15A160C65A3749ED6 /* RoundingTests.swift in Sources */ = {isa = PBXBuildFile; fileRef = AC96AA03C1C4A12EC0D4A6BF /* RoundingTests.swift */; };
		AC96A313B4B52B02C0891856 /* AppViewController.swift in Sources */ = {isa = PBXBuildFile; fileRef = AC96AF2E79625C539F0F7E98 /* AppViewController.swift */; };
		AC96A3440239B63CEF26A2EA /* ButtonLayout.swift in Sources */ = {isa = PBXBuildFile; fileRef = AC96A22B90117CA401E899B7 /* ButtonLayout.swift */; };
		AC96A4059B39F13A040C4D05 /* Intent.swift in Sources */ = {isa = PBXBuildFile; fileRef = AC96ADF6A697E1AE2C52AB27 /* Intent.swift */; };
		AC96A4BFADE1B0709502650E /* PagingView.swift in Sources */ = {isa = PBXBuildFile; fileRef = AC96A11AAC7A6AD1B64EBFC6 /* PagingView.swift */; };
		AC96A4C76174A3B2A3AD7DD9 /* LocationPermission.swift in Sources */ = {isa = PBXBuildFile; fileRef = AC96A6865F9E9086CFC23A11 /* LocationPermission.swift */; };
		AC96A4E45330ED5C4C2BE266 /* FlexLayout+Setter.swift in Sources */ = {isa = PBXBuildFile; fileRef = AC96AA67AD91A5E0DDA9F337 /* FlexLayout+Setter.swift */; };
		AC96A4E666F920D40C04949C /* LayoutValue.swift in Sources */ = {isa = PBXBuildFile; fileRef = AC96A6F769DB9BB251DE1D06 /* LayoutValue.swift */; };
		AC96A5699350613957D8E4B1 /* Object.h in Headers */ = {isa = PBXBuildFile; fileRef = AC96AF4CCDEEAB7B80A449DC /* Object.h */; settings = {ATTRIBUTES = (Public, ); }; };
		AC96A58850891422118778BD /* DisplayTests.swift in Sources */ = {isa = PBXBuildFile; fileRef = AC96A8840C1FF127DF79DD2D /* DisplayTests.swift */; };
		AC96A5BAFF506D6B416039FB /* LogLevel.swift in Sources */ = {isa = PBXBuildFile; fileRef = AC96A95BC07C5AFE77700234 /* LogLevel.swift */; };
		AC96A5F38B400B1FBEED4784 /* CameraPermission.swift in Sources */ = {isa = PBXBuildFile; fileRef = AC96AC275CC2DD827B3F3ADC /* CameraPermission.swift */; };
		AC96A60D4BD368F8AA5DEB33 /* FlexDirectionTests.swift in Sources */ = {isa = PBXBuildFile; fileRef = AC96AE63B2574F0738BAC8A1 /* FlexDirectionTests.swift */; };
		AC96A6119AB6D701F04B07CF /* MeasureLayout.swift in Sources */ = {isa = PBXBuildFile; fileRef = AC96A6E5B0334A7D11D052DA /* MeasureLayout.swift */; };
		AC96A62AFEA06D51EAA31069 /* Toast.swift in Sources */ = {isa = PBXBuildFile; fileRef = AC96A465CDAA8A64D61D2480 /* Toast.swift */; };
		AC96A64D823FF9CC24B4452B /* PercentageTests.swift in Sources */ = {isa = PBXBuildFile; fileRef = AC96AD80B3A636F0422C7751 /* PercentageTests.swift */; };
		AC96A6511AC0D4581376B815 /* AspectRatioTests.swift in Sources */ = {isa = PBXBuildFile; fileRef = AC96AB45C64C78FA4D5F9DE3 /* AspectRatioTests.swift */; };
		AC96A752F62283844F5702D7 /* Queue.swift in Sources */ = {isa = PBXBuildFile; fileRef = AC96AA2C3CAEFA2436FB4D76 /* Queue.swift */; };
		AC96A77066BBFAF4F4A4FB1E /* Object.m in Sources */ = {isa = PBXBuildFile; fileRef = AC96A26B6278FF9FEB3803D5 /* Object.m */; };
		AC96A79C45B669DD35875966 /* FlexTests.swift in Sources */ = {isa = PBXBuildFile; fileRef = AC96AFCB44A6188AB237A221 /* FlexTests.swift */; };
		AC96A7D4C774971258E8C00B /* DimensionTests.swift in Sources */ = {isa = PBXBuildFile; fileRef = AC96AFB3E714E078FE0E3BCD /* DimensionTests.swift */; };
		AC96A7F087CDB7F9A74EFC1A /* SafeArea.swift in Sources */ = {isa = PBXBuildFile; fileRef = AC96A2429CD251C00FABFCD1 /* SafeArea.swift */; };
		AC96A8118D2718872E1D4E75 /* ProgressHUD.swift in Sources */ = {isa = PBXBuildFile; fileRef = AC96A7E6CC6F0146C8FA3160 /* ProgressHUD.swift */; };
		AC96A82A7D3EB86A756581A5 /* PaddingTests.swift in Sources */ = {isa = PBXBuildFile; fileRef = AC96A52C7185DF1BDD6F678C /* PaddingTests.swift */; };
		AC96A8845FDE28E2DDD4B608 /* FlexControl.swift in Sources */ = {isa = PBXBuildFile; fileRef = AC96A5C929430D3747CC4C57 /* FlexControl.swift */; };
		AC96A89C5095B176A30D61E3 /* LogType.swift in Sources */ = {isa = PBXBuildFile; fileRef = AC96A8D792053394063F1400 /* LogType.swift */; };
		AC96A95E37503B8812972882 /* UIImagePickerController.swift in Sources */ = {isa = PBXBuildFile; fileRef = AC96A9774F611EFB99497CAB /* UIImagePickerController.swift */; };
		AC96A961D2413ABE7D375AE5 /* AlertController.swift in Sources */ = {isa = PBXBuildFile; fileRef = AC96A0FCF7D4FE5D5D091381 /* AlertController.swift */; };
		AC96A971B402B448B1D55A57 /* AlignSelfTests.swift in Sources */ = {isa = PBXBuildFile; fileRef = AC96A85E0F923B9028631591 /* AlignSelfTests.swift */; };
		AC96A9AA25BD2810D5DE3EC2 /* AbsolutePositionTests.swift in Sources */ = {isa = PBXBuildFile; fileRef = AC96A26C55282021CFB56FEC /* AbsolutePositionTests.swift */; };
		AC96A9C81938A244F20C6D66 /* FlexWrapTests.swift in Sources */ = {isa = PBXBuildFile; fileRef = AC96AC11584C86E10FC2C9F9 /* FlexWrapTests.swift */; };
		AC96A9D9A02BA41500592F6E /* Object.swift in Sources */ = {isa = PBXBuildFile; fileRef = AC96AA36EE92A0C924EC81CC /* Object.swift */; };
		AC96A9DEA6C646DB2A35DB0D /* FlexStyleTests.swift in Sources */ = {isa = PBXBuildFile; fileRef = AC96A55A63B91C8BFDE20D31 /* FlexStyleTests.swift */; };
		AC96AA00E47BA4850A65B2C0 /* BaselineLayout.swift in Sources */ = {isa = PBXBuildFile; fileRef = AC96A872C107A1AF67FFD8A6 /* BaselineLayout.swift */; };
		AC96AA37353C5E5CB09983E6 /* SessionManager.swift in Sources */ = {isa = PBXBuildFile; fileRef = AC96AF5249A705A624EC8255 /* SessionManager.swift */; };
		AC96AA6714618BD919012CE8 /* Permission.swift in Sources */ = {isa = PBXBuildFile; fileRef = AC96AAF6CC5FFB07839B5A15 /* Permission.swift */; };
		AC96AA6B9A51BDE717CA1039 /* Collection.swift in Sources */ = {isa = PBXBuildFile; fileRef = AC96A85AE0879C1B59BA2247 /* Collection.swift */; };
		AC96ABA0A87087889ACB0C06 /* FlexBox.swift in Sources */ = {isa = PBXBuildFile; fileRef = AC96AD323FF76C0D4F692CD4 /* FlexBox.swift */; };
		AC96AC8CB51E0CC7A4CD5FBB /* LogDestination.swift in Sources */ = {isa = PBXBuildFile; fileRef = AC96AA31A616833F79C3128B /* LogDestination.swift */; };
		AC96ACCEC96F1015BFCC17F4 /* MeasureTests.swift in Sources */ = {isa = PBXBuildFile; fileRef = AC96ADE42256C86A28799055 /* MeasureTests.swift */; };
		AC96ACED75EC55C2643DB7E8 /* SegmentedControl.swift in Sources */ = {isa = PBXBuildFile; fileRef = AC96A4D9CC8415398080F689 /* SegmentedControl.swift */; };
		AC96AD0B363703B4490B9200 /* MinMaxDimensionTests.swift in Sources */ = {isa = PBXBuildFile; fileRef = AC96A6BFB7CCADE64AA3230F /* MinMaxDimensionTests.swift */; };
		AC96AD27B42FC0F2E6BF2824 /* Tests.swift in Sources */ = {isa = PBXBuildFile; fileRef = AC96A8F5925BFE1DC7C3CC13 /* Tests.swift */; };
		AC96AD5B96DCA236BEEEBC83 /* DirtyMarkingTests.swift in Sources */ = {isa = PBXBuildFile; fileRef = AC96AE78F11EBC0CF12D80C8 /* DirtyMarkingTests.swift */; };
		AC96ADAECEA3BAC03DD2BE5A /* DefaultValuesTests.swift in Sources */ = {isa = PBXBuildFile; fileRef = AC96AE8FA4DF515AD4382975 /* DefaultValuesTests.swift */; };
		AC96AE09F1F142DE757815FE /* FlexStyle.swift in Sources */ = {isa = PBXBuildFile; fileRef = AC96A4E8D250CE870B0E5FA7 /* FlexStyle.swift */; };
		AC96AE1759FDB5DA5564C35C /* Rect.swift in Sources */ = {isa = PBXBuildFile; fileRef = AC96A1D0B6699F9A5D4C1657 /* Rect.swift */; };
		AC96AE3CF770D7AD9ECC8EDA /* StartPoint.swift in Sources */ = {isa = PBXBuildFile; fileRef = AC96A6E346C2C0DFF901CEF2 /* StartPoint.swift */; };
		AC96AE44B52779DDF9D75355 /* Nibbed.swift in Sources */ = {isa = PBXBuildFile; fileRef = AC96A9A9B7328643B4D21E12 /* Nibbed.swift */; };
		AC96AE73FA306B6769AFF119 /* FlexCollectionViewCell.swift in Sources */ = {isa = PBXBuildFile; fileRef = AC96AB28D295111FC5105631 /* FlexCollectionViewCell.swift */; };
		AC96AE8328EC6A497FAD665C /* Log.swift in Sources */ = {isa = PBXBuildFile; fileRef = AC96A2BEB5B8FDC95696FC69 /* Log.swift */; };
		AC96AE855B609E3C90DD7339 /* LayoutView.swift in Sources */ = {isa = PBXBuildFile; fileRef = AC96AFA1ED6CC64828315DD9 /* LayoutView.swift */; };
		AC96AE86CB9492AC1B0994B9 /* Flex.swift in Sources */ = {isa = PBXBuildFile; fileRef = AC96A1E1A4C40E7EE071DAB2 /* Flex.swift */; };
		AC96AE9DD084C42E9EB4805C /* MarginTests.swift in Sources */ = {isa = PBXBuildFile; fileRef = AC96A76AFAB96DC3A2B1BD27 /* MarginTests.swift */; };
		AC96AEC01D91FA4260D05C71 /* Array.swift in Sources */ = {isa = PBXBuildFile; fileRef = AC96A9AF443FC015B0799EF5 /* Array.swift */; };
		AC96AF008794E423F1EE5CD9 /* RequestBuilder.swift in Sources */ = {isa = PBXBuildFile; fileRef = AC96AE935E7E7ED1DDEE5C99 /* RequestBuilder.swift */; };
		AC96AF4809CDDECA23E313CB /* RouteTests.swift in Sources */ = {isa = PBXBuildFile; fileRef = AC96ADD6A32F1944E34B2888 /* RouteTests.swift */; };
		AC96AF7C0FF04F83DF0894E0 /* UIEdgeInsets.swift in Sources */ = {isa = PBXBuildFile; fileRef = AC96AEFB08179502D41AE365 /* UIEdgeInsets.swift */; };
		AC96AFAE3A9ACC9E0137D124 /* PhotoPermission.swift in Sources */ = {isa = PBXBuildFile; fileRef = AC96A84CB7A6EAB3FB8C6A51 /* PhotoPermission.swift */; };
		AC96AFAE9F22E932FD983726 /* FlexAlgorithm.swift in Sources */ = {isa = PBXBuildFile; fileRef = AC96A8B7FBE72C5486B3F808 /* FlexAlgorithm.swift */; };
		AC96AFB74BA6AE0AE9D9B688 /* AppNavigationController.swift in Sources */ = {isa = PBXBuildFile; fileRef = AC96A630A39CC08BFCD8C783 /* AppNavigationController.swift */; };
		AC96AFC406398C2019CFE432 /* Route.swift in Sources */ = {isa = PBXBuildFile; fileRef = AC96A506CA182155247878AC /* Route.swift */; };
		AC96AFF35A40C6045FE901F8 /* Point.swift in Sources */ = {isa = PBXBuildFile; fileRef = AC96A2AF396B00CCEA2B44AD /* Point.swift */; };
		AC96AFF3F8E252980091E724 /* AlignItemsTests.swift in Sources */ = {isa = PBXBuildFile; fileRef = AC96A773B80ECC265FB72C2B /* AlignItemsTests.swift */; };
		BC0120321F5A706400A36F83 /* TextLayout.swift in Sources */ = {isa = PBXBuildFile; fileRef = BC0120311F5A706400A36F83 /* TextLayout.swift */; };
		BC1C2E601F7F895F00CA9C99 /* Media.xcassets in Resources */ = {isa = PBXBuildFile; fileRef = BC1C2E5F1F7F895F00CA9C99 /* Media.xcassets */; };
		BC6127551F3EFBA300AC8224 /* Alamofire.framework in Frameworks */ = {isa = PBXBuildFile; fileRef = BC16E7591F3EB2D600DDC894 /* Alamofire.framework */; };
		BC6127561F3EFBA300AC8224 /* SwiftyJSON.framework in Frameworks */ = {isa = PBXBuildFile; fileRef = BC16E75C1F3EB2D600DDC894 /* SwiftyJSON.framework */; };
		BC6127581F3EFCD400AC8224 /* RxCocoa.framework in Frameworks */ = {isa = PBXBuildFile; fileRef = BC16E75A1F3EB2D600DDC894 /* RxCocoa.framework */; };
		BC6127591F3EFCD400AC8224 /* RxSwift.framework in Frameworks */ = {isa = PBXBuildFile; fileRef = BC16E75B1F3EB2D600DDC894 /* RxSwift.framework */; };
		BC61275B1F3EFCE300AC8224 /* Request.swift in Sources */ = {isa = PBXBuildFile; fileRef = BC16E7541F3EAB9800DDC894 /* Request.swift */; };
		BC6BA1B31F2DC08700772AA8 /* StartPoint.framework in Frameworks */ = {isa = PBXBuildFile; fileRef = BC6BA1A91F2DC08700772AA8 /* StartPoint.framework */; };
		BC6BA1C61F2DC38700772AA8 /* StartPoint.h in Headers */ = {isa = PBXBuildFile; fileRef = AC96A342F409A0E293EB7804 /* StartPoint.h */; settings = {ATTRIBUTES = (Public, ); }; };
		BC8504E21F41506D00DB0BB3 /* RxTest.framework in Frameworks */ = {isa = PBXBuildFile; fileRef = BC8504E11F41506D00DB0BB3 /* RxTest.framework */; };
		BCA2A4641F3DA5BC007A772A /* NSAttributedString.swift in Sources */ = {isa = PBXBuildFile; fileRef = BCA2A4551F3DA5BC007A772A /* NSAttributedString.swift */; };
		BCA2A4651F3DA5BC007A772A /* Color.swift in Sources */ = {isa = PBXBuildFile; fileRef = BCA2A4561F3DA5BC007A772A /* Color.swift */; };
		BCA2A4671F3DA5BC007A772A /* String.swift in Sources */ = {isa = PBXBuildFile; fileRef = BCA2A4581F3DA5BC007A772A /* String.swift */; };
		BCA2A4681F3DA5BC007A772A /* View.swift in Sources */ = {isa = PBXBuildFile; fileRef = BCA2A45A1F3DA5BC007A772A /* View.swift */; };
		BCA2A4691F3DA5BC007A772A /* CollectionViewModel.swift in Sources */ = {isa = PBXBuildFile; fileRef = BCA2A45C1F3DA5BC007A772A /* CollectionViewModel.swift */; };
		BCA2A46A1F3DA5BC007A772A /* Identified.swift in Sources */ = {isa = PBXBuildFile; fileRef = BCA2A45D1F3DA5BC007A772A /* Identified.swift */; };
		BCA2A46B1F3DA5BC007A772A /* ScrollViewModel.swift in Sources */ = {isa = PBXBuildFile; fileRef = BCA2A45E1F3DA5BC007A772A /* ScrollViewModel.swift */; };
		BCA2A46C1F3DA5BC007A772A /* TableViewModel.swift in Sources */ = {isa = PBXBuildFile; fileRef = BCA2A45F1F3DA5BC007A772A /* TableViewModel.swift */; };
		BCA2A46D1F3DA5BC007A772A /* ViewModel.swift in Sources */ = {isa = PBXBuildFile; fileRef = BCA2A4601F3DA5BC007A772A /* ViewModel.swift */; };
		BCA2A46E1F3DA5BC007A772A /* Creatable.swift in Sources */ = {isa = PBXBuildFile; fileRef = BCA2A4611F3DA5BC007A772A /* Creatable.swift */; };
		BCA2A46F1F3DA5BC007A772A /* Device.swift in Sources */ = {isa = PBXBuildFile; fileRef = BCA2A4621F3DA5BC007A772A /* Device.swift */; };
		BCA2A4701F3DA5BC007A772A /* Function.swift in Sources */ = {isa = PBXBuildFile; fileRef = BCA2A4631F3DA5BC007A772A /* Function.swift */; };
/* End PBXBuildFile section */

/* Begin PBXContainerItemProxy section */
		BC6BA1B41F2DC08700772AA8 /* PBXContainerItemProxy */ = {
			isa = PBXContainerItemProxy;
			containerPortal = BC6BA1A01F2DC08600772AA8 /* Project object */;
			proxyType = 1;
			remoteGlobalIDString = BC6BA1A81F2DC08600772AA8;
			remoteInfo = StartPoint;
		};
/* End PBXContainerItemProxy section */

/* Begin PBXFileReference section */
		AC96A0FCF7D4FE5D5D091381 /* AlertController.swift */ = {isa = PBXFileReference; fileEncoding = 4; lastKnownFileType = sourcecode.swift; path = AlertController.swift; sourceTree = "<group>"; };
		AC96A11AAC7A6AD1B64EBFC6 /* PagingView.swift */ = {isa = PBXFileReference; fileEncoding = 4; lastKnownFileType = sourcecode.swift; path = PagingView.swift; sourceTree = "<group>"; };
		AC96A1AE69D5878CBB94E011 /* AlignContentTests.swift */ = {isa = PBXFileReference; fileEncoding = 4; lastKnownFileType = sourcecode.swift; path = AlignContentTests.swift; sourceTree = "<group>"; };
		AC96A1D0B6699F9A5D4C1657 /* Rect.swift */ = {isa = PBXFileReference; fileEncoding = 4; lastKnownFileType = sourcecode.swift; path = Rect.swift; sourceTree = "<group>"; };
		AC96A1E1A4C40E7EE071DAB2 /* Flex.swift */ = {isa = PBXFileReference; fileEncoding = 4; lastKnownFileType = sourcecode.swift; path = Flex.swift; sourceTree = "<group>"; };
		AC96A22B90117CA401E899B7 /* ButtonLayout.swift */ = {isa = PBXFileReference; fileEncoding = 4; lastKnownFileType = sourcecode.swift; path = ButtonLayout.swift; sourceTree = "<group>"; };
		AC96A2429CD251C00FABFCD1 /* SafeArea.swift */ = {isa = PBXFileReference; fileEncoding = 4; lastKnownFileType = sourcecode.swift; path = SafeArea.swift; sourceTree = "<group>"; };
		AC96A26B6278FF9FEB3803D5 /* Object.m */ = {isa = PBXFileReference; fileEncoding = 4; lastKnownFileType = sourcecode.c.objc; path = Object.m; sourceTree = "<group>"; };
		AC96A26C55282021CFB56FEC /* AbsolutePositionTests.swift */ = {isa = PBXFileReference; fileEncoding = 4; lastKnownFileType = sourcecode.swift; path = AbsolutePositionTests.swift; sourceTree = "<group>"; };
		AC96A2AF396B00CCEA2B44AD /* Point.swift */ = {isa = PBXFileReference; fileEncoding = 4; lastKnownFileType = sourcecode.swift; path = Point.swift; sourceTree = "<group>"; };
		AC96A2B0420610F0F4CBC52C /* Size.swift */ = {isa = PBXFileReference; fileEncoding = 4; lastKnownFileType = sourcecode.swift; path = Size.swift; sourceTree = "<group>"; };
		AC96A2BEB5B8FDC95696FC69 /* Log.swift */ = {isa = PBXFileReference; fileEncoding = 4; lastKnownFileType = sourcecode.swift; path = Log.swift; sourceTree = "<group>"; };
		AC96A342F409A0E293EB7804 /* StartPoint.h */ = {isa = PBXFileReference; fileEncoding = 4; lastKnownFileType = sourcecode.c.h; path = StartPoint.h; sourceTree = "<group>"; };
		AC96A3F4F49E8D473EAA9DEF /* BannerView.swift */ = {isa = PBXFileReference; fileEncoding = 4; lastKnownFileType = sourcecode.swift; path = BannerView.swift; sourceTree = "<group>"; };
		AC96A465CDAA8A64D61D2480 /* Toast.swift */ = {isa = PBXFileReference; fileEncoding = 4; lastKnownFileType = sourcecode.swift; path = Toast.swift; sourceTree = "<group>"; };
		AC96A4D9CC8415398080F689 /* SegmentedControl.swift */ = {isa = PBXFileReference; fileEncoding = 4; lastKnownFileType = sourcecode.swift; path = SegmentedControl.swift; sourceTree = "<group>"; };
		AC96A4E8D250CE870B0E5FA7 /* FlexStyle.swift */ = {isa = PBXFileReference; fileEncoding = 4; lastKnownFileType = sourcecode.swift; path = FlexStyle.swift; sourceTree = "<group>"; };
		AC96A506CA182155247878AC /* Route.swift */ = {isa = PBXFileReference; fileEncoding = 4; lastKnownFileType = sourcecode.swift; path = Route.swift; sourceTree = "<group>"; };
		AC96A52C7185DF1BDD6F678C /* PaddingTests.swift */ = {isa = PBXFileReference; fileEncoding = 4; lastKnownFileType = sourcecode.swift; path = PaddingTests.swift; sourceTree = "<group>"; };
		AC96A5473FBE3CC634576A01 /* JustifyContentTests.swift */ = {isa = PBXFileReference; fileEncoding = 4; lastKnownFileType = sourcecode.swift; path = JustifyContentTests.swift; sourceTree = "<group>"; };
		AC96A55A63B91C8BFDE20D31 /* FlexStyleTests.swift */ = {isa = PBXFileReference; fileEncoding = 4; lastKnownFileType = sourcecode.swift; path = FlexStyleTests.swift; sourceTree = "<group>"; };
		AC96A5B9CF7DA87FE9005EA3 /* NotificationPermission.swift */ = {isa = PBXFileReference; fileEncoding = 4; lastKnownFileType = sourcecode.swift; path = NotificationPermission.swift; sourceTree = "<group>"; };
		AC96A5C929430D3747CC4C57 /* FlexControl.swift */ = {isa = PBXFileReference; fileEncoding = 4; lastKnownFileType = sourcecode.swift; path = FlexControl.swift; sourceTree = "<group>"; };
		AC96A630A39CC08BFCD8C783 /* AppNavigationController.swift */ = {isa = PBXFileReference; fileEncoding = 4; lastKnownFileType = sourcecode.swift; path = AppNavigationController.swift; sourceTree = "<group>"; };
		AC96A6865F9E9086CFC23A11 /* LocationPermission.swift */ = {isa = PBXFileReference; fileEncoding = 4; lastKnownFileType = sourcecode.swift; path = LocationPermission.swift; sourceTree = "<group>"; };
		AC96A6BFB7CCADE64AA3230F /* MinMaxDimensionTests.swift */ = {isa = PBXFileReference; fileEncoding = 4; lastKnownFileType = sourcecode.swift; path = MinMaxDimensionTests.swift; sourceTree = "<group>"; };
		AC96A6D19F42865264963109 /* ManualLayoutTests.swift */ = {isa = PBXFileReference; fileEncoding = 4; lastKnownFileType = sourcecode.swift; path = ManualLayoutTests.swift; sourceTree = "<group>"; };
		AC96A6E346C2C0DFF901CEF2 /* StartPoint.swift */ = {isa = PBXFileReference; fileEncoding = 4; lastKnownFileType = sourcecode.swift; path = StartPoint.swift; sourceTree = "<group>"; };
		AC96A6E5B0334A7D11D052DA /* MeasureLayout.swift */ = {isa = PBXFileReference; fileEncoding = 4; lastKnownFileType = sourcecode.swift; path = MeasureLayout.swift; sourceTree = "<group>"; };
		AC96A6E779AE053A7FEB5866 /* FlexView.swift */ = {isa = PBXFileReference; fileEncoding = 4; lastKnownFileType = sourcecode.swift; path = FlexView.swift; sourceTree = "<group>"; };
		AC96A6F769DB9BB251DE1D06 /* LayoutValue.swift */ = {isa = PBXFileReference; fileEncoding = 4; lastKnownFileType = sourcecode.swift; path = LayoutValue.swift; sourceTree = "<group>"; };
		AC96A70069177338DE20CAF5 /* Global.swift */ = {isa = PBXFileReference; fileEncoding = 4; lastKnownFileType = sourcecode.swift; path = Global.swift; sourceTree = "<group>"; };
		AC96A76AFAB96DC3A2B1BD27 /* MarginTests.swift */ = {isa = PBXFileReference; fileEncoding = 4; lastKnownFileType = sourcecode.swift; path = MarginTests.swift; sourceTree = "<group>"; };
		AC96A773B80ECC265FB72C2B /* AlignItemsTests.swift */ = {isa = PBXFileReference; fileEncoding = 4; lastKnownFileType = sourcecode.swift; path = AlignItemsTests.swift; sourceTree = "<group>"; };
		AC96A7E6CC6F0146C8FA3160 /* ProgressHUD.swift */ = {isa = PBXFileReference; fileEncoding = 4; lastKnownFileType = sourcecode.swift; path = ProgressHUD.swift; sourceTree = "<group>"; };
		AC96A80AF565B4E890BC2AF9 /* SizeOverflowTests.swift */ = {isa = PBXFileReference; fileEncoding = 4; lastKnownFileType = sourcecode.swift; path = SizeOverflowTests.swift; sourceTree = "<group>"; };
		AC96A8164BD53E0A64E9F6F5 /* BaselineFuncTests.swift */ = {isa = PBXFileReference; fileEncoding = 4; lastKnownFileType = sourcecode.swift; path = BaselineFuncTests.swift; sourceTree = "<group>"; };
		AC96A848B1AC6FB3768CDCB8 /* Info.plist */ = {isa = PBXFileReference; fileEncoding = 4; lastKnownFileType = text.plist.info; path = Info.plist; sourceTree = "<group>"; };
		AC96A84CB7A6EAB3FB8C6A51 /* PhotoPermission.swift */ = {isa = PBXFileReference; fileEncoding = 4; lastKnownFileType = sourcecode.swift; path = PhotoPermission.swift; sourceTree = "<group>"; };
		AC96A85AE0879C1B59BA2247 /* Collection.swift */ = {isa = PBXFileReference; fileEncoding = 4; lastKnownFileType = sourcecode.swift; path = Collection.swift; sourceTree = "<group>"; };
		AC96A85E0F923B9028631591 /* AlignSelfTests.swift */ = {isa = PBXFileReference; fileEncoding = 4; lastKnownFileType = sourcecode.swift; path = AlignSelfTests.swift; sourceTree = "<group>"; };
		AC96A872C107A1AF67FFD8A6 /* BaselineLayout.swift */ = {isa = PBXFileReference; fileEncoding = 4; lastKnownFileType = sourcecode.swift; path = BaselineLayout.swift; sourceTree = "<group>"; };
		AC96A8840C1FF127DF79DD2D /* DisplayTests.swift */ = {isa = PBXFileReference; fileEncoding = 4; lastKnownFileType = sourcecode.swift; path = DisplayTests.swift; sourceTree = "<group>"; };
		AC96A8B7FBE72C5486B3F808 /* FlexAlgorithm.swift */ = {isa = PBXFileReference; fileEncoding = 4; lastKnownFileType = sourcecode.swift; path = FlexAlgorithm.swift; sourceTree = "<group>"; };
		AC96A8D792053394063F1400 /* LogType.swift */ = {isa = PBXFileReference; fileEncoding = 4; lastKnownFileType = sourcecode.swift; path = LogType.swift; sourceTree = "<group>"; };
		AC96A8F5925BFE1DC7C3CC13 /* Tests.swift */ = {isa = PBXFileReference; fileEncoding = 4; lastKnownFileType = sourcecode.swift; path = Tests.swift; sourceTree = "<group>"; };
		AC96A95BC07C5AFE77700234 /* LogLevel.swift */ = {isa = PBXFileReference; fileEncoding = 4; lastKnownFileType = sourcecode.swift; path = LogLevel.swift; sourceTree = "<group>"; };
		AC96A9774F611EFB99497CAB /* UIImagePickerController.swift */ = {isa = PBXFileReference; fileEncoding = 4; lastKnownFileType = sourcecode.swift; path = UIImagePickerController.swift; sourceTree = "<group>"; };
		AC96A9A9B7328643B4D21E12 /* Nibbed.swift */ = {isa = PBXFileReference; fileEncoding = 4; lastKnownFileType = sourcecode.swift; path = Nibbed.swift; sourceTree = "<group>"; };
		AC96A9AF443FC015B0799EF5 /* Array.swift */ = {isa = PBXFileReference; fileEncoding = 4; lastKnownFileType = sourcecode.swift; path = Array.swift; sourceTree = "<group>"; };
		AC96A9DBE440F563BF37EAC6 /* ManualLayout.swift */ = {isa = PBXFileReference; fileEncoding = 4; lastKnownFileType = sourcecode.swift; path = ManualLayout.swift; sourceTree = "<group>"; };
		AC96AA03C1C4A12EC0D4A6BF /* RoundingTests.swift */ = {isa = PBXFileReference; fileEncoding = 4; lastKnownFileType = sourcecode.swift; path = RoundingTests.swift; sourceTree = "<group>"; };
		AC96AA2B750B4444C8DC0BE0 /* FlexCollectionReusableView.swift */ = {isa = PBXFileReference; fileEncoding = 4; lastKnownFileType = sourcecode.swift; path = FlexCollectionReusableView.swift; sourceTree = "<group>"; };
		AC96AA2C3CAEFA2436FB4D76 /* Queue.swift */ = {isa = PBXFileReference; fileEncoding = 4; lastKnownFileType = sourcecode.swift; path = Queue.swift; sourceTree = "<group>"; };
		AC96AA2D9D6E6B73BEDBBC5C /* AttributedString.swift */ = {isa = PBXFileReference; fileEncoding = 4; lastKnownFileType = sourcecode.swift; path = AttributedString.swift; sourceTree = "<group>"; };
		AC96AA31A616833F79C3128B /* LogDestination.swift */ = {isa = PBXFileReference; fileEncoding = 4; lastKnownFileType = sourcecode.swift; path = LogDestination.swift; sourceTree = "<group>"; };
		AC96AA36EE92A0C924EC81CC /* Object.swift */ = {isa = PBXFileReference; fileEncoding = 4; lastKnownFileType = sourcecode.swift; path = Object.swift; sourceTree = "<group>"; };
		AC96AA67AD91A5E0DDA9F337 /* FlexLayout+Setter.swift */ = {isa = PBXFileReference; fileEncoding = 4; lastKnownFileType = sourcecode.swift; path = "FlexLayout+Setter.swift"; sourceTree = "<group>"; };
		AC96AAEE7C3982A9F0E838C3 /* FlexLayout.swift */ = {isa = PBXFileReference; fileEncoding = 4; lastKnownFileType = sourcecode.swift; path = FlexLayout.swift; sourceTree = "<group>"; };
		AC96AAF6CC5FFB07839B5A15 /* Permission.swift */ = {isa = PBXFileReference; fileEncoding = 4; lastKnownFileType = sourcecode.swift; path = Permission.swift; sourceTree = "<group>"; };
		AC96AB0722680DBC90E94458 /* Decodable.swift */ = {isa = PBXFileReference; fileEncoding = 4; lastKnownFileType = sourcecode.swift; path = Decodable.swift; sourceTree = "<group>"; };
		AC96AB28D295111FC5105631 /* FlexCollectionViewCell.swift */ = {isa = PBXFileReference; fileEncoding = 4; lastKnownFileType = sourcecode.swift; path = FlexCollectionViewCell.swift; sourceTree = "<group>"; };
		AC96AB45C64C78FA4D5F9DE3 /* AspectRatioTests.swift */ = {isa = PBXFileReference; fileEncoding = 4; lastKnownFileType = sourcecode.swift; path = AspectRatioTests.swift; sourceTree = "<group>"; };
		AC96AB5A5E4425B7A412BD1A /* BorderTests.swift */ = {isa = PBXFileReference; fileEncoding = 4; lastKnownFileType = sourcecode.swift; path = BorderTests.swift; sourceTree = "<group>"; };
		AC96AC11584C86E10FC2C9F9 /* FlexWrapTests.swift */ = {isa = PBXFileReference; fileEncoding = 4; lastKnownFileType = sourcecode.swift; path = FlexWrapTests.swift; sourceTree = "<group>"; };
		AC96AC275CC2DD827B3F3ADC /* CameraPermission.swift */ = {isa = PBXFileReference; fileEncoding = 4; lastKnownFileType = sourcecode.swift; path = CameraPermission.swift; sourceTree = "<group>"; };
		AC96AC5EBC21F4B236B8210B /* Info.plist */ = {isa = PBXFileReference; fileEncoding = 4; lastKnownFileType = text.plist.info; path = Info.plist; sourceTree = "<group>"; };
		AC96AC856B0EBD3CCD6A03B6 /* TableViewCell.swift */ = {isa = PBXFileReference; fileEncoding = 4; lastKnownFileType = sourcecode.swift; path = TableViewCell.swift; sourceTree = "<group>"; };
		AC96AD323FF76C0D4F692CD4 /* FlexBox.swift */ = {isa = PBXFileReference; fileEncoding = 4; lastKnownFileType = sourcecode.swift; path = FlexBox.swift; sourceTree = "<group>"; };
		AC96AD80B3A636F0422C7751 /* PercentageTests.swift */ = {isa = PBXFileReference; fileEncoding = 4; lastKnownFileType = sourcecode.swift; path = PercentageTests.swift; sourceTree = "<group>"; };
		AC96ADD6A32F1944E34B2888 /* RouteTests.swift */ = {isa = PBXFileReference; fileEncoding = 4; lastKnownFileType = sourcecode.swift; path = RouteTests.swift; sourceTree = "<group>"; };
		AC96ADE42256C86A28799055 /* MeasureTests.swift */ = {isa = PBXFileReference; fileEncoding = 4; lastKnownFileType = sourcecode.swift; path = MeasureTests.swift; sourceTree = "<group>"; };
		AC96ADF6A697E1AE2C52AB27 /* Intent.swift */ = {isa = PBXFileReference; fileEncoding = 4; lastKnownFileType = sourcecode.swift; path = Intent.swift; sourceTree = "<group>"; };
		AC96AE5D3A3D6C6A6C031B63 /* Router.swift */ = {isa = PBXFileReference; fileEncoding = 4; lastKnownFileType = sourcecode.swift; path = Router.swift; sourceTree = "<group>"; };
		AC96AE63B2574F0738BAC8A1 /* FlexDirectionTests.swift */ = {isa = PBXFileReference; fileEncoding = 4; lastKnownFileType = sourcecode.swift; path = FlexDirectionTests.swift; sourceTree = "<group>"; };
		AC96AE78F11EBC0CF12D80C8 /* DirtyMarkingTests.swift */ = {isa = PBXFileReference; fileEncoding = 4; lastKnownFileType = sourcecode.swift; path = DirtyMarkingTests.swift; sourceTree = "<group>"; };
		AC96AE8FA4DF515AD4382975 /* DefaultValuesTests.swift */ = {isa = PBXFileReference; fileEncoding = 4; lastKnownFileType = sourcecode.swift; path = DefaultValuesTests.swift; sourceTree = "<group>"; };
		AC96AE935E7E7ED1DDEE5C99 /* RequestBuilder.swift */ = {isa = PBXFileReference; fileEncoding = 4; lastKnownFileType = sourcecode.swift; path = RequestBuilder.swift; sourceTree = "<group>"; };
		AC96AEFB08179502D41AE365 /* UIEdgeInsets.swift */ = {isa = PBXFileReference; fileEncoding = 4; lastKnownFileType = sourcecode.swift; path = UIEdgeInsets.swift; sourceTree = "<group>"; };
		AC96AF2E79625C539F0F7E98 /* AppViewController.swift */ = {isa = PBXFileReference; fileEncoding = 4; lastKnownFileType = sourcecode.swift; path = AppViewController.swift; sourceTree = "<group>"; };
		AC96AF4CCDEEAB7B80A449DC /* Object.h */ = {isa = PBXFileReference; fileEncoding = 4; lastKnownFileType = sourcecode.c.h; path = Object.h; sourceTree = "<group>"; };
		AC96AF5249A705A624EC8255 /* SessionManager.swift */ = {isa = PBXFileReference; fileEncoding = 4; lastKnownFileType = sourcecode.swift; path = SessionManager.swift; sourceTree = "<group>"; };
		AC96AFA1ED6CC64828315DD9 /* LayoutView.swift */ = {isa = PBXFileReference; fileEncoding = 4; lastKnownFileType = sourcecode.swift; path = LayoutView.swift; sourceTree = "<group>"; };
		AC96AFB3E714E078FE0E3BCD /* DimensionTests.swift */ = {isa = PBXFileReference; fileEncoding = 4; lastKnownFileType = sourcecode.swift; path = DimensionTests.swift; sourceTree = "<group>"; };
		AC96AFCB44A6188AB237A221 /* FlexTests.swift */ = {isa = PBXFileReference; fileEncoding = 4; lastKnownFileType = sourcecode.swift; path = FlexTests.swift; sourceTree = "<group>"; };
		BC0120311F5A706400A36F83 /* TextLayout.swift */ = {isa = PBXFileReference; fileEncoding = 4; lastKnownFileType = sourcecode.swift; path = TextLayout.swift; sourceTree = "<group>"; };
		BC16E7541F3EAB9800DDC894 /* Request.swift */ = {isa = PBXFileReference; fileEncoding = 4; lastKnownFileType = sourcecode.swift; path = Request.swift; sourceTree = "<group>"; };
		BC16E7591F3EB2D600DDC894 /* Alamofire.framework */ = {isa = PBXFileReference; lastKnownFileType = wrapper.framework; name = Alamofire.framework; path = Carthage/Build/iOS/Alamofire.framework; sourceTree = "<group>"; };
		BC16E75A1F3EB2D600DDC894 /* RxCocoa.framework */ = {isa = PBXFileReference; lastKnownFileType = wrapper.framework; name = RxCocoa.framework; path = Carthage/Build/iOS/RxCocoa.framework; sourceTree = "<group>"; };
		BC16E75B1F3EB2D600DDC894 /* RxSwift.framework */ = {isa = PBXFileReference; lastKnownFileType = wrapper.framework; name = RxSwift.framework; path = Carthage/Build/iOS/RxSwift.framework; sourceTree = "<group>"; };
		BC16E75C1F3EB2D600DDC894 /* SwiftyJSON.framework */ = {isa = PBXFileReference; lastKnownFileType = wrapper.framework; name = SwiftyJSON.framework; path = Carthage/Build/iOS/SwiftyJSON.framework; sourceTree = "<group>"; };
		BC1C2E5F1F7F895F00CA9C99 /* Media.xcassets */ = {isa = PBXFileReference; lastKnownFileType = folder.assetcatalog; path = Media.xcassets; sourceTree = "<group>"; };
		BC6127391F3EF9EB00AC8224 /* iOS-Test.xcconfig */ = {isa = PBXFileReference; fileEncoding = 4; lastKnownFileType = text.xcconfig; path = "iOS-Test.xcconfig"; sourceTree = "<group>"; };
		BC6BA1A91F2DC08700772AA8 /* StartPoint.framework */ = {isa = PBXFileReference; explicitFileType = wrapper.framework; includeInIndex = 0; path = StartPoint.framework; sourceTree = BUILT_PRODUCTS_DIR; };
		BC6BA1B21F2DC08700772AA8 /* StartPointTests.xctest */ = {isa = PBXFileReference; explicitFileType = wrapper.cfbundle; includeInIndex = 0; path = StartPointTests.xctest; sourceTree = BUILT_PRODUCTS_DIR; };
		BC8504E11F41506D00DB0BB3 /* RxTest.framework */ = {isa = PBXFileReference; lastKnownFileType = wrapper.framework; name = RxTest.framework; path = Carthage/Build/iOS/RxTest.framework; sourceTree = "<group>"; };
		BCA2A4551F3DA5BC007A772A /* NSAttributedString.swift */ = {isa = PBXFileReference; fileEncoding = 4; lastKnownFileType = sourcecode.swift; path = NSAttributedString.swift; sourceTree = "<group>"; };
		BCA2A4561F3DA5BC007A772A /* Color.swift */ = {isa = PBXFileReference; fileEncoding = 4; lastKnownFileType = sourcecode.swift; path = Color.swift; sourceTree = "<group>"; };
		BCA2A4581F3DA5BC007A772A /* String.swift */ = {isa = PBXFileReference; fileEncoding = 4; lastKnownFileType = sourcecode.swift; path = String.swift; sourceTree = "<group>"; };
		BCA2A45A1F3DA5BC007A772A /* View.swift */ = {isa = PBXFileReference; fileEncoding = 4; lastKnownFileType = sourcecode.swift; path = View.swift; sourceTree = "<group>"; };
		BCA2A45C1F3DA5BC007A772A /* CollectionViewModel.swift */ = {isa = PBXFileReference; fileEncoding = 4; lastKnownFileType = sourcecode.swift; path = CollectionViewModel.swift; sourceTree = "<group>"; };
		BCA2A45D1F3DA5BC007A772A /* Identified.swift */ = {isa = PBXFileReference; fileEncoding = 4; lastKnownFileType = sourcecode.swift; path = Identified.swift; sourceTree = "<group>"; };
		BCA2A45E1F3DA5BC007A772A /* ScrollViewModel.swift */ = {isa = PBXFileReference; fileEncoding = 4; lastKnownFileType = sourcecode.swift; path = ScrollViewModel.swift; sourceTree = "<group>"; };
		BCA2A45F1F3DA5BC007A772A /* TableViewModel.swift */ = {isa = PBXFileReference; fileEncoding = 4; lastKnownFileType = sourcecode.swift; path = TableViewModel.swift; sourceTree = "<group>"; };
		BCA2A4601F3DA5BC007A772A /* ViewModel.swift */ = {isa = PBXFileReference; fileEncoding = 4; lastKnownFileType = sourcecode.swift; path = ViewModel.swift; sourceTree = "<group>"; };
		BCA2A4611F3DA5BC007A772A /* Creatable.swift */ = {isa = PBXFileReference; fileEncoding = 4; lastKnownFileType = sourcecode.swift; path = Creatable.swift; sourceTree = "<group>"; };
		BCA2A4621F3DA5BC007A772A /* Device.swift */ = {isa = PBXFileReference; fileEncoding = 4; lastKnownFileType = sourcecode.swift; path = Device.swift; sourceTree = "<group>"; };
		BCA2A4631F3DA5BC007A772A /* Function.swift */ = {isa = PBXFileReference; fileEncoding = 4; lastKnownFileType = sourcecode.swift; path = Function.swift; sourceTree = "<group>"; };
		BCA71D251F4D0CC100D8CF57 /* iOS-Debug.xcconfig */ = {isa = PBXFileReference; fileEncoding = 4; lastKnownFileType = text.xcconfig; path = "iOS-Debug.xcconfig"; sourceTree = "<group>"; };
		BCA71D261F4D0CC100D8CF57 /* iOS-Release.xcconfig */ = {isa = PBXFileReference; fileEncoding = 4; lastKnownFileType = text.xcconfig; path = "iOS-Release.xcconfig"; sourceTree = "<group>"; };
		BCA9E07B1F2E1C5D00D78FE9 /* iOS-App.xcconfig */ = {isa = PBXFileReference; lastKnownFileType = text.xcconfig; path = "iOS-App.xcconfig"; sourceTree = "<group>"; };
		BCA9E07D1F2E1C5D00D78FE9 /* iOS-Framework.xcconfig */ = {isa = PBXFileReference; lastKnownFileType = text.xcconfig; path = "iOS-Framework.xcconfig"; sourceTree = "<group>"; };
		BCA9E07E1F2E1C5D00D78FE9 /* iOS.xcconfig */ = {isa = PBXFileReference; lastKnownFileType = text.xcconfig; path = iOS.xcconfig; sourceTree = "<group>"; };
/* End PBXFileReference section */

/* Begin PBXFrameworksBuildPhase section */
		BC6BA1A51F2DC08600772AA8 /* Frameworks */ = {
			isa = PBXFrameworksBuildPhase;
			buildActionMask = 2147483647;
			files = (
				BC6127591F3EFCD400AC8224 /* RxSwift.framework in Frameworks */,
				BC6127581F3EFCD400AC8224 /* RxCocoa.framework in Frameworks */,
				BC6127561F3EFBA300AC8224 /* SwiftyJSON.framework in Frameworks */,
				BC6127551F3EFBA300AC8224 /* Alamofire.framework in Frameworks */,
			);
			runOnlyForDeploymentPostprocessing = 0;
		};
		BC6BA1AF1F2DC08700772AA8 /* Frameworks */ = {
			isa = PBXFrameworksBuildPhase;
			buildActionMask = 2147483647;
			files = (
				BC8504E21F41506D00DB0BB3 /* RxTest.framework in Frameworks */,
				BC6BA1B31F2DC08700772AA8 /* StartPoint.framework in Frameworks */,
			);
			runOnlyForDeploymentPostprocessing = 0;
		};
/* End PBXFrameworksBuildPhase section */

/* Begin PBXGroup section */
		AC96A12D115789E979840DE8 /* Router */ = {
			isa = PBXGroup;
			children = (
				AC96ADF6A697E1AE2C52AB27 /* Intent.swift */,
				AC96A506CA182155247878AC /* Route.swift */,
				AC96AE5D3A3D6C6A6C031B63 /* Router.swift */,
			);
			path = Router;
			sourceTree = "<group>";
		};
		AC96A1F339CA6B8CEFE79E5B /* Layout */ = {
			isa = PBXGroup;
			children = (
				AC96A26C55282021CFB56FEC /* AbsolutePositionTests.swift */,
				AC96A1AE69D5878CBB94E011 /* AlignContentTests.swift */,
				AC96A773B80ECC265FB72C2B /* AlignItemsTests.swift */,
				AC96A85E0F923B9028631591 /* AlignSelfTests.swift */,
				AC96AB45C64C78FA4D5F9DE3 /* AspectRatioTests.swift */,
				AC96AB5A5E4425B7A412BD1A /* BorderTests.swift */,
				AC96AFB3E714E078FE0E3BCD /* DimensionTests.swift */,
				AC96AE78F11EBC0CF12D80C8 /* DirtyMarkingTests.swift */,
				AC96A8840C1FF127DF79DD2D /* DisplayTests.swift */,
				AC96AE63B2574F0738BAC8A1 /* FlexDirectionTests.swift */,
				AC96A55A63B91C8BFDE20D31 /* FlexStyleTests.swift */,
				AC96AFCB44A6188AB237A221 /* FlexTests.swift */,
				AC96AC11584C86E10FC2C9F9 /* FlexWrapTests.swift */,
				AC96A5473FBE3CC634576A01 /* JustifyContentTests.swift */,
				AC96A6D19F42865264963109 /* ManualLayoutTests.swift */,
				AC96A76AFAB96DC3A2B1BD27 /* MarginTests.swift */,
				AC96A6E5B0334A7D11D052DA /* MeasureLayout.swift */,
				AC96ADE42256C86A28799055 /* MeasureTests.swift */,
				AC96A6BFB7CCADE64AA3230F /* MinMaxDimensionTests.swift */,
				AC96A52C7185DF1BDD6F678C /* PaddingTests.swift */,
				AC96AD80B3A636F0422C7751 /* PercentageTests.swift */,
				AC96AA03C1C4A12EC0D4A6BF /* RoundingTests.swift */,
				AC96A80AF565B4E890BC2AF9 /* SizeOverflowTests.swift */,
				AC96A8164BD53E0A64E9F6F5 /* BaselineFuncTests.swift */,
				AC96A872C107A1AF67FFD8A6 /* BaselineLayout.swift */,
				AC96AE8FA4DF515AD4382975 /* DefaultValuesTests.swift */,
			);
			path = Layout;
			sourceTree = "<group>";
		};
		AC96A24F6C74BC699B36ED75 /* JSON */ = {
			isa = PBXGroup;
			children = (
				AC96AB0722680DBC90E94458 /* Decodable.swift */,
			);
			path = JSON;
			sourceTree = "<group>";
		};
		AC96A2B2BF91A41A3864FD36 /* Tests */ = {
			isa = PBXGroup;
			children = (
				AC96A848B1AC6FB3768CDCB8 /* Info.plist */,
				AC96A1F339CA6B8CEFE79E5B /* Layout */,
				AC96AB8D6DC9B61E9FD00A87 /* Router */,
				AC96A8F5925BFE1DC7C3CC13 /* Tests.swift */,
			);
			path = Tests;
			sourceTree = "<group>";
		};
		AC96A36E2E045004201B9825 /* Sources */ = {
			isa = PBXGroup;
			children = (
				AC96A342F409A0E293EB7804 /* StartPoint.h */,
				AC96AC5EBC21F4B236B8210B /* Info.plist */,
				BCA2A4611F3DA5BC007A772A /* Creatable.swift */,
				BCA2A4621F3DA5BC007A772A /* Device.swift */,
				BCA2A4631F3DA5BC007A772A /* Function.swift */,
				AC96A70069177338DE20CAF5 /* Global.swift */,
				AC96AA2C3CAEFA2436FB4D76 /* Queue.swift */,
				BCA2A4541F3DA5BC007A772A /* Extension */,
				AC96A24F6C74BC699B36ED75 /* JSON */,
				AC96A551A949238107A409CF /* Layout */,
				AC96A930D7655D5526D140A9 /* ModeledView */,
				BC16E7531F3EAB9800DDC894 /* Network */,
				AC96A3838A39232719FECDB5 /* Permission */,
				AC96A12D115789E979840DE8 /* Router */,
				AC96AB8D7270ADC2BF83C7DE /* Text */,
				BCA2A4591F3DA5BC007A772A /* View */,
				AC96AE58B0B945BBAD762FBD /* ViewController */,
				BCA2A45B1F3DA5BC007A772A /* ViewModel */,
				AC96A4EFF6F5C29B3FDD4DFA /* Log */,
				AC96A6E346C2C0DFF901CEF2 /* StartPoint.swift */,
				AC96A2429CD251C00FABFCD1 /* SafeArea.swift */,
			);
			path = Sources;
			sourceTree = "<group>";
		};
		AC96A3838A39232719FECDB5 /* Permission */ = {
			isa = PBXGroup;
			children = (
				AC96AC275CC2DD827B3F3ADC /* CameraPermission.swift */,
				AC96A6865F9E9086CFC23A11 /* LocationPermission.swift */,
				AC96AAF6CC5FFB07839B5A15 /* Permission.swift */,
				AC96A84CB7A6EAB3FB8C6A51 /* PhotoPermission.swift */,
				AC96A5B9CF7DA87FE9005EA3 /* NotificationPermission.swift */,
			);
			path = Permission;
			sourceTree = "<group>";
		};
		AC96A3A0FB7296A4DD8770C6 /* FlexView */ = {
			isa = PBXGroup;
			children = (
				AC96AB28D295111FC5105631 /* FlexCollectionViewCell.swift */,
				AC96A6E779AE053A7FEB5866 /* FlexView.swift */,
				AC96A5C929430D3747CC4C57 /* FlexControl.swift */,
				AC96AA2B750B4444C8DC0BE0 /* FlexCollectionReusableView.swift */,
			);
			path = FlexView;
			sourceTree = "<group>";
		};
		AC96A4EFF6F5C29B3FDD4DFA /* Log */ = {
			isa = PBXGroup;
			children = (
				AC96A2BEB5B8FDC95696FC69 /* Log.swift */,
				AC96A95BC07C5AFE77700234 /* LogLevel.swift */,
				AC96A8D792053394063F1400 /* LogType.swift */,
				AC96AA31A616833F79C3128B /* LogDestination.swift */,
			);
			path = Log;
			sourceTree = "<group>";
		};
		AC96A551A949238107A409CF /* Layout */ = {
			isa = PBXGroup;
			children = (
				AC96A22B90117CA401E899B7 /* ButtonLayout.swift */,
				AC96A1E1A4C40E7EE071DAB2 /* Flex.swift */,
				AC96A8B7FBE72C5486B3F808 /* FlexAlgorithm.swift */,
				AC96AD323FF76C0D4F692CD4 /* FlexBox.swift */,
				AC96AAEE7C3982A9F0E838C3 /* FlexLayout.swift */,
				AC96AA67AD91A5E0DDA9F337 /* FlexLayout+Setter.swift */,
				AC96A4E8D250CE870B0E5FA7 /* FlexStyle.swift */,
				AC96A6F769DB9BB251DE1D06 /* LayoutValue.swift */,
				AC96AFA1ED6CC64828315DD9 /* LayoutView.swift */,
				AC96A9DBE440F563BF37EAC6 /* ManualLayout.swift */,
				BC0120311F5A706400A36F83 /* TextLayout.swift */,
			);
			path = Layout;
			sourceTree = "<group>";
		};
		AC96A930D7655D5526D140A9 /* ModeledView */ = {
			isa = PBXGroup;
			children = (
				AC96AC856B0EBD3CCD6A03B6 /* TableViewCell.swift */,
			);
			path = ModeledView;
			sourceTree = "<group>";
		};
		AC96AB8D6DC9B61E9FD00A87 /* Router */ = {
			isa = PBXGroup;
			children = (
				AC96ADD6A32F1944E34B2888 /* RouteTests.swift */,
			);
			path = Router;
			sourceTree = "<group>";
		};
		AC96AB8D7270ADC2BF83C7DE /* Text */ = {
			isa = PBXGroup;
			children = (
				AC96AA2D9D6E6B73BEDBBC5C /* AttributedString.swift */,
			);
			path = Text;
			sourceTree = "<group>";
		};
		AC96AE58B0B945BBAD762FBD /* ViewController */ = {
			isa = PBXGroup;
			children = (
				AC96A630A39CC08BFCD8C783 /* AppNavigationController.swift */,
				AC96AF2E79625C539F0F7E98 /* AppViewController.swift */,
			);
			path = ViewController;
			sourceTree = "<group>";
		};
		BC16E7531F3EAB9800DDC894 /* Network */ = {
			isa = PBXGroup;
			children = (
				BC16E7541F3EAB9800DDC894 /* Request.swift */,
				AC96AE935E7E7ED1DDEE5C99 /* RequestBuilder.swift */,
				AC96AF5249A705A624EC8255 /* SessionManager.swift */,
			);
			path = Network;
			sourceTree = "<group>";
		};
		BC16E7581F3EB2D600DDC894 /* Frameworks */ = {
			isa = PBXGroup;
			children = (
				BC16E7591F3EB2D600DDC894 /* Alamofire.framework */,
				BC16E75A1F3EB2D600DDC894 /* RxCocoa.framework */,
				BC16E75B1F3EB2D600DDC894 /* RxSwift.framework */,
				BC8504E11F41506D00DB0BB3 /* RxTest.framework */,
				BC16E75C1F3EB2D600DDC894 /* SwiftyJSON.framework */,
			);
			name = Frameworks;
			sourceTree = "<group>";
		};
		BC6BA19F1F2DC08600772AA8 = {
			isa = PBXGroup;
			children = (
				BC1C2E5F1F7F895F00CA9C99 /* Media.xcassets */,
				BCA9E0791F2E1C5D00D78FE9 /* Configs */,
				AC96A36E2E045004201B9825 /* Sources */,
				AC96A2B2BF91A41A3864FD36 /* Tests */,
				BC6BA1AA1F2DC08700772AA8 /* Products */,
				BC16E7581F3EB2D600DDC894 /* Frameworks */,
			);
			sourceTree = "<group>";
		};
		BC6BA1AA1F2DC08700772AA8 /* Products */ = {
			isa = PBXGroup;
			children = (
				BC6BA1A91F2DC08700772AA8 /* StartPoint.framework */,
				BC6BA1B21F2DC08700772AA8 /* StartPointTests.xctest */,
			);
			name = Products;
			sourceTree = "<group>";
		};
		BCA2A4541F3DA5BC007A772A /* Extension */ = {
			isa = PBXGroup;
			children = (
				AC96A9AF443FC015B0799EF5 /* Array.swift */,
				BCA2A4561F3DA5BC007A772A /* Color.swift */,
				BCA2A4551F3DA5BC007A772A /* NSAttributedString.swift */,
				AC96AF4CCDEEAB7B80A449DC /* Object.h */,
				AC96A26B6278FF9FEB3803D5 /* Object.m */,
				AC96AA36EE92A0C924EC81CC /* Object.swift */,
				AC96A2AF396B00CCEA2B44AD /* Point.swift */,
				AC96A1D0B6699F9A5D4C1657 /* Rect.swift */,
				AC96A2B0420610F0F4CBC52C /* Size.swift */,
				BCA2A4581F3DA5BC007A772A /* String.swift */,
				AC96A9774F611EFB99497CAB /* UIImagePickerController.swift */,
				AC96A85AE0879C1B59BA2247 /* Collection.swift */,
				AC96AEFB08179502D41AE365 /* UIEdgeInsets.swift */,
			);
			path = Extension;
			sourceTree = "<group>";
		};
		BCA2A4591F3DA5BC007A772A /* View */ = {
			isa = PBXGroup;
			children = (
				AC96A0FCF7D4FE5D5D091381 /* AlertController.swift */,
				AC96A7E6CC6F0146C8FA3160 /* ProgressHUD.swift */,
				AC96A465CDAA8A64D61D2480 /* Toast.swift */,
				BCA2A45A1F3DA5BC007A772A /* View.swift */,
				AC96A3F4F49E8D473EAA9DEF /* BannerView.swift */,
				AC96A3A0FB7296A4DD8770C6 /* FlexView */,
				AC96A11AAC7A6AD1B64EBFC6 /* PagingView.swift */,
				AC96A4D9CC8415398080F689 /* SegmentedControl.swift */,
			);
			path = View;
			sourceTree = "<group>";
		};
		BCA2A45B1F3DA5BC007A772A /* ViewModel */ = {
			isa = PBXGroup;
			children = (
				BCA2A45C1F3DA5BC007A772A /* CollectionViewModel.swift */,
				BCA2A45D1F3DA5BC007A772A /* Identified.swift */,
				AC96A9A9B7328643B4D21E12 /* Nibbed.swift */,
				BCA2A45E1F3DA5BC007A772A /* ScrollViewModel.swift */,
				BCA2A45F1F3DA5BC007A772A /* TableViewModel.swift */,
				BCA2A4601F3DA5BC007A772A /* ViewModel.swift */,
			);
			path = ViewModel;
			sourceTree = "<group>";
		};
		BCA9E0791F2E1C5D00D78FE9 /* Configs */ = {
			isa = PBXGroup;
			children = (
				BCA9E07A1F2E1C5D00D78FE9 /* iOS */,
			);
			path = Configs;
			sourceTree = "<group>";
		};
		BCA9E07A1F2E1C5D00D78FE9 /* iOS */ = {
			isa = PBXGroup;
			children = (
				BCA71D251F4D0CC100D8CF57 /* iOS-Debug.xcconfig */,
				BCA71D261F4D0CC100D8CF57 /* iOS-Release.xcconfig */,
				BCA9E07B1F2E1C5D00D78FE9 /* iOS-App.xcconfig */,
				BCA9E07D1F2E1C5D00D78FE9 /* iOS-Framework.xcconfig */,
				BC6127391F3EF9EB00AC8224 /* iOS-Test.xcconfig */,
				BCA9E07E1F2E1C5D00D78FE9 /* iOS.xcconfig */,
			);
			path = iOS;
			sourceTree = "<group>";
		};
/* End PBXGroup section */

/* Begin PBXHeadersBuildPhase section */
		BC6BA1A61F2DC08600772AA8 /* Headers */ = {
			isa = PBXHeadersBuildPhase;
			buildActionMask = 2147483647;
			files = (
				BC6BA1C61F2DC38700772AA8 /* StartPoint.h in Headers */,
				AC96A5699350613957D8E4B1 /* Object.h in Headers */,
			);
			runOnlyForDeploymentPostprocessing = 0;
		};
/* End PBXHeadersBuildPhase section */

/* Begin PBXNativeTarget section */
		BC6BA1A81F2DC08600772AA8 /* StartPoint */ = {
			isa = PBXNativeTarget;
			buildConfigurationList = BC6BA1BD1F2DC08700772AA8 /* Build configuration list for PBXNativeTarget "StartPoint" */;
			buildPhases = (
				BC6BA1A41F2DC08600772AA8 /* Sources */,
				BC6BA1A51F2DC08600772AA8 /* Frameworks */,
				BC6BA1A61F2DC08600772AA8 /* Headers */,
				BC6BA1A71F2DC08600772AA8 /* Resources */,
			);
			buildRules = (
			);
			dependencies = (
			);
			name = StartPoint;
			productName = StartPoint;
			productReference = BC6BA1A91F2DC08700772AA8 /* StartPoint.framework */;
			productType = "com.apple.product-type.framework";
		};
		BC6BA1B11F2DC08700772AA8 /* StartPointTests */ = {
			isa = PBXNativeTarget;
			buildConfigurationList = BC6BA1C01F2DC08700772AA8 /* Build configuration list for PBXNativeTarget "StartPointTests" */;
			buildPhases = (
				BC6BA1AE1F2DC08700772AA8 /* Sources */,
				BC6BA1AF1F2DC08700772AA8 /* Frameworks */,
				BC6BA1B01F2DC08700772AA8 /* Resources */,
			);
			buildRules = (
			);
			dependencies = (
				BC6BA1B51F2DC08700772AA8 /* PBXTargetDependency */,
			);
			name = StartPointTests;
			productName = StartPointTests;
			productReference = BC6BA1B21F2DC08700772AA8 /* StartPointTests.xctest */;
			productType = "com.apple.product-type.bundle.unit-test";
		};
/* End PBXNativeTarget section */

/* Begin PBXProject section */
		BC6BA1A01F2DC08600772AA8 /* Project object */ = {
			isa = PBXProject;
			attributes = {
				LastSwiftUpdateCheck = 0830;
				LastUpgradeCheck = 0900;
				ORGANIZATIONNAME = "Nan Yang";
				TargetAttributes = {
					BC6BA1A81F2DC08600772AA8 = {
						CreatedOnToolsVersion = 8.3.3;
						LastSwiftMigration = 0900;
						ProvisioningStyle = Manual;
					};
					BC6BA1B11F2DC08700772AA8 = {
						CreatedOnToolsVersion = 8.3.3;
						DevelopmentTeam = F3XBV7X28L;
						LastSwiftMigration = 0900;
						ProvisioningStyle = Automatic;
					};
				};
			};
			buildConfigurationList = BC6BA1A31F2DC08600772AA8 /* Build configuration list for PBXProject "StartPoint" */;
			compatibilityVersion = "Xcode 8.0";
			developmentRegion = English;
			hasScannedForEncodings = 0;
			knownRegions = (
				en,
			);
			mainGroup = BC6BA19F1F2DC08600772AA8;
			productRefGroup = BC6BA1AA1F2DC08700772AA8 /* Products */;
			projectDirPath = "";
			projectRoot = "";
			targets = (
				BC6BA1A81F2DC08600772AA8 /* StartPoint */,
				BC6BA1B11F2DC08700772AA8 /* StartPointTests */,
			);
		};
/* End PBXProject section */

/* Begin PBXResourcesBuildPhase section */
		BC6BA1A71F2DC08600772AA8 /* Resources */ = {
			isa = PBXResourcesBuildPhase;
			buildActionMask = 2147483647;
			files = (
				BC1C2E601F7F895F00CA9C99 /* Media.xcassets in Resources */,
			);
			runOnlyForDeploymentPostprocessing = 0;
		};
		BC6BA1B01F2DC08700772AA8 /* Resources */ = {
			isa = PBXResourcesBuildPhase;
			buildActionMask = 2147483647;
			files = (
			);
			runOnlyForDeploymentPostprocessing = 0;
		};
/* End PBXResourcesBuildPhase section */

/* Begin PBXSourcesBuildPhase section */
		BC6BA1A41F2DC08600772AA8 /* Sources */ = {
			isa = PBXSourcesBuildPhase;
			buildActionMask = 2147483647;
			files = (
				BCA2A46F1F3DA5BC007A772A /* Device.swift in Sources */,
				BC61275B1F3EFCE300AC8224 /* Request.swift in Sources */,
				BCA2A46A1F3DA5BC007A772A /* Identified.swift in Sources */,
				BCA2A46E1F3DA5BC007A772A /* Creatable.swift in Sources */,
				BCA2A46C1F3DA5BC007A772A /* TableViewModel.swift in Sources */,
				BCA2A4641F3DA5BC007A772A /* NSAttributedString.swift in Sources */,
				BCA2A46D1F3DA5BC007A772A /* ViewModel.swift in Sources */,
				BCA2A46B1F3DA5BC007A772A /* ScrollViewModel.swift in Sources */,
				BCA2A4691F3DA5BC007A772A /* CollectionViewModel.swift in Sources */,
				BCA2A4701F3DA5BC007A772A /* Function.swift in Sources */,
				BCA2A4681F3DA5BC007A772A /* View.swift in Sources */,
				BCA2A4671F3DA5BC007A772A /* String.swift in Sources */,
				BCA2A4651F3DA5BC007A772A /* Color.swift in Sources */,
				AC96A10782B5489C55A4A4AA /* Global.swift in Sources */,
				AC96AA37353C5E5CB09983E6 /* SessionManager.swift in Sources */,
				AC96AEC01D91FA4260D05C71 /* Array.swift in Sources */,
				AC96A62AFEA06D51EAA31069 /* Toast.swift in Sources */,
				AC96AE1759FDB5DA5564C35C /* Rect.swift in Sources */,
				AC96A4E666F920D40C04949C /* LayoutValue.swift in Sources */,
				AC96A0846D10B136A2E8550C /* Size.swift in Sources */,
				BC0120321F5A706400A36F83 /* TextLayout.swift in Sources */,
				AC96AFF35A40C6045FE901F8 /* Point.swift in Sources */,
				AC96A8118D2718872E1D4E75 /* ProgressHUD.swift in Sources */,
				AC96A9D9A02BA41500592F6E /* Object.swift in Sources */,
				AC96AE44B52779DDF9D75355 /* Nibbed.swift in Sources */,
				AC96A77066BBFAF4F4A4FB1E /* Object.m in Sources */,
				AC96A752F62283844F5702D7 /* Queue.swift in Sources */,
				AC96A4059B39F13A040C4D05 /* Intent.swift in Sources */,
				AC96A24B7B7B740BA053A722 /* Router.swift in Sources */,
				AC96A1C25EC4132344D107E8 /* FlexLayout.swift in Sources */,
				AC96AE86CB9492AC1B0994B9 /* Flex.swift in Sources */,
				AC96AE09F1F142DE757815FE /* FlexStyle.swift in Sources */,
				AC96ABA0A87087889ACB0C06 /* FlexBox.swift in Sources */,
				AC96AFAE9F22E932FD983726 /* FlexAlgorithm.swift in Sources */,
				AC96AFC406398C2019CFE432 /* Route.swift in Sources */,
				AC96A2A6CC238CD41180A91E /* TableViewCell.swift in Sources */,
				AC96A4E45330ED5C4C2BE266 /* FlexLayout+Setter.swift in Sources */,
				AC96A02355DFF1D8761B28D2 /* ManualLayout.swift in Sources */,
				AC96A06E7C30FE53825B445F /* AttributedString.swift in Sources */,
				AC96AA6714618BD919012CE8 /* Permission.swift in Sources */,
				AC96AFAE3A9ACC9E0137D124 /* PhotoPermission.swift in Sources */,
				AC96A5F38B400B1FBEED4784 /* CameraPermission.swift in Sources */,
				AC96A4C76174A3B2A3AD7DD9 /* LocationPermission.swift in Sources */,
				AC96A961D2413ABE7D375AE5 /* AlertController.swift in Sources */,
				AC96A95E37503B8812972882 /* UIImagePickerController.swift in Sources */,
				AC96AF008794E423F1EE5CD9 /* RequestBuilder.swift in Sources */,
				AC96A313B4B52B02C0891856 /* AppViewController.swift in Sources */,
				AC96A006869E723A64110C5B /* Decodable.swift in Sources */,
				AC96AFB74BA6AE0AE9D9B688 /* AppNavigationController.swift in Sources */,
				AC96AE855B609E3C90DD7339 /* LayoutView.swift in Sources */,
				AC96A3440239B63CEF26A2EA /* ButtonLayout.swift in Sources */,
				AC96A270DCF9EC380399133A /* BannerView.swift in Sources */,
				AC96AE73FA306B6769AFF119 /* FlexCollectionViewCell.swift in Sources */,
				AC96AA6B9A51BDE717CA1039 /* Collection.swift in Sources */,
				AC96AF7C0FF04F83DF0894E0 /* UIEdgeInsets.swift in Sources */,
				AC96A4BFADE1B0709502650E /* PagingView.swift in Sources */,
				AC96ACED75EC55C2643DB7E8 /* SegmentedControl.swift in Sources */,
				AC96A14A2AF7881ADFA618B0 /* FlexView.swift in Sources */,
				AC96A8845FDE28E2DDD4B608 /* FlexControl.swift in Sources */,
				AC96A010F185A399FA3A0241 /* NotificationPermission.swift in Sources */,
				AC96AE8328EC6A497FAD665C /* Log.swift in Sources */,
				AC96A5BAFF506D6B416039FB /* LogLevel.swift in Sources */,
				AC96A89C5095B176A30D61E3 /* LogType.swift in Sources */,
				AC96AC8CB51E0CC7A4CD5FBB /* LogDestination.swift in Sources */,
				AC96A0BF3535D4019F85C9DB /* FlexCollectionReusableView.swift in Sources */,
				AC96AE3CF770D7AD9ECC8EDA /* StartPoint.swift in Sources */,
				AC96A7F087CDB7F9A74EFC1A /* SafeArea.swift in Sources */,
			);
			runOnlyForDeploymentPostprocessing = 0;
		};
		BC6BA1AE1F2DC08700772AA8 /* Sources */ = {
			isa = PBXSourcesBuildPhase;
			buildActionMask = 2147483647;
			files = (
				AC96AD27B42FC0F2E6BF2824 /* Tests.swift in Sources */,
				AC96A2F15A160C65A3749ED6 /* RoundingTests.swift in Sources */,
				AC96A60D4BD368F8AA5DEB33 /* FlexDirectionTests.swift in Sources */,
				AC96AFF3F8E252980091E724 /* AlignItemsTests.swift in Sources */,
				AC96A22D2B9C0D6382E62C54 /* SizeOverflowTests.swift in Sources */,
				AC96A9AA25BD2810D5DE3EC2 /* AbsolutePositionTests.swift in Sources */,
				AC96A13FD8709CB560D49271 /* JustifyContentTests.swift in Sources */,
				AC96A1E5940F3AD9DE91D218 /* AlignContentTests.swift in Sources */,
				AC96A64D823FF9CC24B4452B /* PercentageTests.swift in Sources */,
				AC96A82A7D3EB86A756581A5 /* PaddingTests.swift in Sources */,
				AC96A7D4C774971258E8C00B /* DimensionTests.swift in Sources */,
				AC96A2613771E4272D5C20C8 /* BorderTests.swift in Sources */,
				AC96A971B402B448B1D55A57 /* AlignSelfTests.swift in Sources */,
				AC96A58850891422118778BD /* DisplayTests.swift in Sources */,
				AC96A79C45B669DD35875966 /* FlexTests.swift in Sources */,
				AC96A9C81938A244F20C6D66 /* FlexWrapTests.swift in Sources */,
				AC96AD0B363703B4490B9200 /* MinMaxDimensionTests.swift in Sources */,
				AC96AE9DD084C42E9EB4805C /* MarginTests.swift in Sources */,
				AC96ACCEC96F1015BFCC17F4 /* MeasureTests.swift in Sources */,
				AC96A9DEA6C646DB2A35DB0D /* FlexStyleTests.swift in Sources */,
				AC96AF4809CDDECA23E313CB /* RouteTests.swift in Sources */,
				AC96A0FC23AC0E924A53FA61 /* ManualLayoutTests.swift in Sources */,
				AC96A6511AC0D4581376B815 /* AspectRatioTests.swift in Sources */,
				AC96A6119AB6D701F04B07CF /* MeasureLayout.swift in Sources */,
				AC96AD5B96DCA236BEEEBC83 /* DirtyMarkingTests.swift in Sources */,
				AC96A15D231CE2A7DD54C9D6 /* BaselineFuncTests.swift in Sources */,
				AC96AA00E47BA4850A65B2C0 /* BaselineLayout.swift in Sources */,
				AC96ADAECEA3BAC03DD2BE5A /* DefaultValuesTests.swift in Sources */,
			);
			runOnlyForDeploymentPostprocessing = 0;
		};
/* End PBXSourcesBuildPhase section */

/* Begin PBXTargetDependency section */
		BC6BA1B51F2DC08700772AA8 /* PBXTargetDependency */ = {
			isa = PBXTargetDependency;
			target = BC6BA1A81F2DC08600772AA8 /* StartPoint */;
			targetProxy = BC6BA1B41F2DC08700772AA8 /* PBXContainerItemProxy */;
		};
/* End PBXTargetDependency section */

/* Begin XCBuildConfiguration section */
		BC6BA1BB1F2DC08700772AA8 /* Debug */ = {
			isa = XCBuildConfiguration;
			baseConfigurationReference = BCA71D251F4D0CC100D8CF57 /* iOS-Debug.xcconfig */;
			buildSettings = {
			};
			name = Debug;
		};
		BC6BA1BC1F2DC08700772AA8 /* Release */ = {
			isa = XCBuildConfiguration;
			baseConfigurationReference = BCA71D261F4D0CC100D8CF57 /* iOS-Release.xcconfig */;
			buildSettings = {
			};
			name = Release;
		};
		BC6BA1BE1F2DC08700772AA8 /* Debug */ = {
			isa = XCBuildConfiguration;
			baseConfigurationReference = BCA9E07D1F2E1C5D00D78FE9 /* iOS-Framework.xcconfig */;
			buildSettings = {
				FRAMEWORK_SEARCH_PATHS = (
					"$(inherited)",
					"$(PROJECT_DIR)/Carthage/Build/iOS",
				);
				INFOPLIST_FILE = Sources/Info.plist;
				PRODUCT_BUNDLE_IDENTIFIER = com.undev.StartPoint;
			};
			name = Debug;
		};
		BC6BA1BF1F2DC08700772AA8 /* Release */ = {
			isa = XCBuildConfiguration;
			baseConfigurationReference = BCA9E07D1F2E1C5D00D78FE9 /* iOS-Framework.xcconfig */;
			buildSettings = {
				FRAMEWORK_SEARCH_PATHS = (
					"$(inherited)",
					"$(PROJECT_DIR)/Carthage/Build/iOS",
				);
				INFOPLIST_FILE = Sources/Info.plist;
				PRODUCT_BUNDLE_IDENTIFIER = com.undev.StartPoint;
			};
			name = Release;
		};
		BC6BA1C11F2DC08700772AA8 /* Debug */ = {
			isa = XCBuildConfiguration;
			baseConfigurationReference = BC6127391F3EF9EB00AC8224 /* iOS-Test.xcconfig */;
			buildSettings = {
				FRAMEWORK_SEARCH_PATHS = (
					"$(inherited)",
					"$(PROJECT_DIR)/Carthage/Build/iOS",
				);
				INFOPLIST_FILE = Tests/Info.plist;
				PRODUCT_BUNDLE_IDENTIFIER = com.undev.StartPointTests;
			};
			name = Debug;
		};
		BC6BA1C21F2DC08700772AA8 /* Release */ = {
			isa = XCBuildConfiguration;
			baseConfigurationReference = BC6127391F3EF9EB00AC8224 /* iOS-Test.xcconfig */;
			buildSettings = {
				FRAMEWORK_SEARCH_PATHS = (
					"$(inherited)",
					"$(PROJECT_DIR)/Carthage/Build/iOS",
				);
				INFOPLIST_FILE = Tests/Info.plist;
				PRODUCT_BUNDLE_IDENTIFIER = com.undev.StartPointTests;
			};
			name = Release;
		};
/* End XCBuildConfiguration section */

/* Begin XCConfigurationList section */
		BC6BA1A31F2DC08600772AA8 /* Build configuration list for PBXProject "StartPoint" */ = {
			isa = XCConfigurationList;
			buildConfigurations = (
				BC6BA1BB1F2DC08700772AA8 /* Debug */,
				BC6BA1BC1F2DC08700772AA8 /* Release */,
			);
			defaultConfigurationIsVisible = 0;
			defaultConfigurationName = Release;
		};
		BC6BA1BD1F2DC08700772AA8 /* Build configuration list for PBXNativeTarget "StartPoint" */ = {
			isa = XCConfigurationList;
			buildConfigurations = (
				BC6BA1BE1F2DC08700772AA8 /* Debug */,
				BC6BA1BF1F2DC08700772AA8 /* Release */,
			);
			defaultConfigurationIsVisible = 0;
			defaultConfigurationName = Release;
		};
		BC6BA1C01F2DC08700772AA8 /* Build configuration list for PBXNativeTarget "StartPointTests" */ = {
			isa = XCConfigurationList;
			buildConfigurations = (
				BC6BA1C11F2DC08700772AA8 /* Debug */,
				BC6BA1C21F2DC08700772AA8 /* Release */,
			);
			defaultConfigurationIsVisible = 0;
			defaultConfigurationName = Release;
		};
/* End XCConfigurationList section */
	};
	rootObject = BC6BA1A01F2DC08600772AA8 /* Project object */;
}
